
Microsoft Visual Studio Solution File, Format Version 12.00
# Visual Studio Version 17
VisualStudioVersion = 17.5.002.0
MinimumVisualStudioVersion = 10.0.40219.1
Project("{9A19103F-16F7-4668-BE54-9A1E7A4F7556}") = "exemploProva", "exemploProva.csproj", "{831E9FCA-BB00-4CAC-B62E-F6927DC61B5C}"
EndProject
Global
	GlobalSection(SolutionConfigurationPlatforms) = preSolution
		Debug|Any CPU = Debug|Any CPU
		Release|Any CPU = Release|Any CPU
	EndGlobalSection
	GlobalSection(ProjectConfigurationPlatforms) = postSolution
		{831E9FCA-BB00-4CAC-B62E-F6927DC61B5C}.Debug|Any CPU.ActiveCfg = Debug|Any CPU
		{831E9FCA-BB00-4CAC-B62E-F6927DC61B5C}.Debug|Any CPU.Build.0 = Debug|Any CPU
		{831E9FCA-BB00-4CAC-B62E-F6927DC61B5C}.Release|Any CPU.ActiveCfg = Release|Any CPU
		{831E9FCA-BB00-4CAC-B62E-F6927DC61B5C}.Release|Any CPU.Build.0 = Release|Any CPU
	EndGlobalSection
	GlobalSection(SolutionProperties) = preSolution
		HideSolutionNode = FALSE
	EndGlobalSection
	GlobalSection(ExtensibilityGlobals) = postSolution
		SolutionGuid = {2E719830-49E8-4B3F-8DEA-7C02AC304D0D}
	EndGlobalSection
EndGlobal
